
Microsoft Visual Studio Solution File, Format Version 12.00
# Visual Studio Version 17
VisualStudioVersion = 17.9.34622.214
MinimumVisualStudioVersion = 10.0.40219.1
Project("{FAE04EC0-301F-11D3-BF4B-00C04F79EFBC}") = "SignalRServer", "SignalRServer\SignalRServer.csproj", "{83F23588-2BDC-4682-993F-7635F0D41F6D}"
EndProject
Project("{FAE04EC0-301F-11D3-BF4B-00C04F79EFBC}") = "SignalRClient", "SignalRClient\SignalRClient.csproj", "{12D55F6D-381C-45A0-8409-B4C6642619E3}"
EndProject
Global
	GlobalSection(SolutionConfigurationPlatforms) = preSolution
		Debug|Any CPU = Debug|Any CPU
		Release|Any CPU = Release|Any CPU
	EndGlobalSection
	GlobalSection(ProjectConfigurationPlatforms) = postSolution
		{83F23588-2BDC-4682-993F-7635F0D41F6D}.Debug|Any CPU.ActiveCfg = Debug|Any CPU
		{83F23588-2BDC-4682-993F-7635F0D41F6D}.Debug|Any CPU.Build.0 = Debug|Any CPU
		{83F23588-2BDC-4682-993F-7635F0D41F6D}.Release|Any CPU.ActiveCfg = Release|Any CPU
		{83F23588-2BDC-4682-993F-7635F0D41F6D}.Release|Any CPU.Build.0 = Release|Any CPU
		{12D55F6D-381C-45A0-8409-B4C6642619E3}.Debug|Any CPU.ActiveCfg = Debug|Any CPU
		{12D55F6D-381C-45A0-8409-B4C6642619E3}.Debug|Any CPU.Build.0 = Debug|Any CPU
		{12D55F6D-381C-45A0-8409-B4C6642619E3}.Release|Any CPU.ActiveCfg = Release|Any CPU
		{12D55F6D-381C-45A0-8409-B4C6642619E3}.Release|Any CPU.Build.0 = Release|Any CPU
	EndGlobalSection
	GlobalSection(SolutionProperties) = preSolution
		HideSolutionNode = FALSE
	EndGlobalSection
	GlobalSection(ExtensibilityGlobals) = postSolution
		SolutionGuid = {04A12E18-87B5-4921-8121-B2FEC8EE9265}
	EndGlobalSection
EndGlobal
